
Microsoft Visual Studio Solution File, Format Version 12.00
# Visual Studio 15
VisualStudioVersion = 15.0.28010.2026
MinimumVisualStudioVersion = 10.0.40219.1
Project("{9A19103F-16F7-4668-BE54-9A1E7A4F7556}") = "FileReader.Tests", "FileReader.Tests\FileReader.Tests.csproj", "{34E7EAF3-8568-4F44-A7FA-3A928B34FF1A}"
EndProject
Project("{9A19103F-16F7-4668-BE54-9A1E7A4F7556}") = "FileReader", "FileReader\FileReader.csproj", "{33E7F0FA-10A0-41F2-B67E-5BE51E8AA001}"
EndProject
Project("{9A19103F-16F7-4668-BE54-9A1E7A4F7556}") = "FileReader.Common", "FileReader.Common\FileReader.Common.csproj", "{6CD019B4-4848-4905-8930-9A0FDE64069B}"
EndProject
Project("{9A19103F-16F7-4668-BE54-9A1E7A4F7556}") = "FileReader.ContentReaders", "FileReader.ContentReaders\FileReader.ContentReaders.csproj", "{98458DFF-A04B-4647-B95C-14D381CE1A6A}"
EndProject
Project("{9A19103F-16F7-4668-BE54-9A1E7A4F7556}") = "FileReader.EncryptionProviders", "FileReader.EncryptionProviders\FileReader.EncryptionProviders.csproj", "{BB0A3FF3-70C9-482E-B8A9-B18048C71D18}"
EndProject
Project("{FAE04EC0-301F-11D3-BF4B-00C04F79EFBC}") = "FileReader.RoleProviders", "FileReader.RoleProviders\FileReader.RoleProviders.csproj", "{07BF443D-61BE-4204-9AEC-DD47CECEEE15}"
EndProject
Global
	GlobalSection(SolutionConfigurationPlatforms) = preSolution
		Debug|Any CPU = Debug|Any CPU
		Release|Any CPU = Release|Any CPU
	EndGlobalSection
	GlobalSection(ProjectConfigurationPlatforms) = postSolution
		{34E7EAF3-8568-4F44-A7FA-3A928B34FF1A}.Debug|Any CPU.ActiveCfg = Debug|Any CPU
		{34E7EAF3-8568-4F44-A7FA-3A928B34FF1A}.Debug|Any CPU.Build.0 = Debug|Any CPU
		{34E7EAF3-8568-4F44-A7FA-3A928B34FF1A}.Release|Any CPU.ActiveCfg = Release|Any CPU
		{34E7EAF3-8568-4F44-A7FA-3A928B34FF1A}.Release|Any CPU.Build.0 = Release|Any CPU
		{33E7F0FA-10A0-41F2-B67E-5BE51E8AA001}.Debug|Any CPU.ActiveCfg = Debug|Any CPU
		{33E7F0FA-10A0-41F2-B67E-5BE51E8AA001}.Debug|Any CPU.Build.0 = Debug|Any CPU
		{33E7F0FA-10A0-41F2-B67E-5BE51E8AA001}.Release|Any CPU.ActiveCfg = Release|Any CPU
		{33E7F0FA-10A0-41F2-B67E-5BE51E8AA001}.Release|Any CPU.Build.0 = Release|Any CPU
		{6CD019B4-4848-4905-8930-9A0FDE64069B}.Debug|Any CPU.ActiveCfg = Debug|Any CPU
		{6CD019B4-4848-4905-8930-9A0FDE64069B}.Debug|Any CPU.Build.0 = Debug|Any CPU
		{6CD019B4-4848-4905-8930-9A0FDE64069B}.Release|Any CPU.ActiveCfg = Release|Any CPU
		{6CD019B4-4848-4905-8930-9A0FDE64069B}.Release|Any CPU.Build.0 = Release|Any CPU
		{98458DFF-A04B-4647-B95C-14D381CE1A6A}.Debug|Any CPU.ActiveCfg = Debug|Any CPU
		{98458DFF-A04B-4647-B95C-14D381CE1A6A}.Debug|Any CPU.Build.0 = Debug|Any CPU
		{98458DFF-A04B-4647-B95C-14D381CE1A6A}.Release|Any CPU.ActiveCfg = Release|Any CPU
		{98458DFF-A04B-4647-B95C-14D381CE1A6A}.Release|Any CPU.Build.0 = Release|Any CPU
		{BB0A3FF3-70C9-482E-B8A9-B18048C71D18}.Debug|Any CPU.ActiveCfg = Debug|Any CPU
		{BB0A3FF3-70C9-482E-B8A9-B18048C71D18}.Debug|Any CPU.Build.0 = Debug|Any CPU
		{BB0A3FF3-70C9-482E-B8A9-B18048C71D18}.Release|Any CPU.ActiveCfg = Release|Any CPU
		{BB0A3FF3-70C9-482E-B8A9-B18048C71D18}.Release|Any CPU.Build.0 = Release|Any CPU
		{07BF443D-61BE-4204-9AEC-DD47CECEEE15}.Debug|Any CPU.ActiveCfg = Debug|Any CPU
		{07BF443D-61BE-4204-9AEC-DD47CECEEE15}.Debug|Any CPU.Build.0 = Debug|Any CPU
		{07BF443D-61BE-4204-9AEC-DD47CECEEE15}.Release|Any CPU.ActiveCfg = Release|Any CPU
		{07BF443D-61BE-4204-9AEC-DD47CECEEE15}.Release|Any CPU.Build.0 = Release|Any CPU
	EndGlobalSection
	GlobalSection(SolutionProperties) = preSolution
		HideSolutionNode = FALSE
	EndGlobalSection
	GlobalSection(ExtensibilityGlobals) = postSolution
		SolutionGuid = {DF758B45-F802-4435-8C16-3D966C010169}
	EndGlobalSection
EndGlobal
